
Microsoft Visual Studio Solution File, Format Version 12.00
# Visual Studio Version 17
VisualStudioVersion = 17.6.33723.286
MinimumVisualStudioVersion = 10.0.40219.1
Project("{9A19103F-16F7-4668-BE54-9A1E7A4F7556}") = "BulkyWeb", "BulkyWeb\BulkyWeb.csproj", "{BE3C53C6-B84B-4FCF-AF2C-C7A713298277}"
EndProject
Project("{9A19103F-16F7-4668-BE54-9A1E7A4F7556}") = "BulkyWebRazor_Temp", "BulkyWebRazor_Temp\BulkyWebRazor_Temp.csproj", "{0085AEB7-65BB-4759-854D-253B740BF27F}"
EndProject
Project("{FAE04EC0-301F-11D3-BF4B-00C04F79EFBC}") = "Bulky.DataAccess", "Bulky.DataAccess\Bulky.DataAccess.csproj", "{BF110662-83DE-4343-93B0-8C75F4A34697}"
EndProject
Project("{FAE04EC0-301F-11D3-BF4B-00C04F79EFBC}") = "Bulky.Models", "Bulky.Models\Bulky.Models.csproj", "{617C726D-1E81-4D3C-8208-CDEF9AA9BAFF}"
EndProject
Project("{FAE04EC0-301F-11D3-BF4B-00C04F79EFBC}") = "Bulky.Utility", "Bulky.Utility\Bulky.Utility.csproj", "{CADBC06D-DA4D-4A73-B030-025B44DCCD9F}"
EndProject
Global
	GlobalSection(SolutionConfigurationPlatforms) = preSolution
		Debug|Any CPU = Debug|Any CPU
		Release|Any CPU = Release|Any CPU
	EndGlobalSection
	GlobalSection(ProjectConfigurationPlatforms) = postSolution
		{BE3C53C6-B84B-4FCF-AF2C-C7A713298277}.Debug|Any CPU.ActiveCfg = Debug|Any CPU
		{BE3C53C6-B84B-4FCF-AF2C-C7A713298277}.Debug|Any CPU.Build.0 = Debug|Any CPU
		{BE3C53C6-B84B-4FCF-AF2C-C7A713298277}.Release|Any CPU.ActiveCfg = Release|Any CPU
		{BE3C53C6-B84B-4FCF-AF2C-C7A713298277}.Release|Any CPU.Build.0 = Release|Any CPU
		{0085AEB7-65BB-4759-854D-253B740BF27F}.Debug|Any CPU.ActiveCfg = Debug|Any CPU
		{0085AEB7-65BB-4759-854D-253B740BF27F}.Debug|Any CPU.Build.0 = Debug|Any CPU
		{0085AEB7-65BB-4759-854D-253B740BF27F}.Release|Any CPU.ActiveCfg = Release|Any CPU
		{0085AEB7-65BB-4759-854D-253B740BF27F}.Release|Any CPU.Build.0 = Release|Any CPU
		{BF110662-83DE-4343-93B0-8C75F4A34697}.Debug|Any CPU.ActiveCfg = Debug|Any CPU
		{BF110662-83DE-4343-93B0-8C75F4A34697}.Debug|Any CPU.Build.0 = Debug|Any CPU
		{BF110662-83DE-4343-93B0-8C75F4A34697}.Release|Any CPU.ActiveCfg = Release|Any CPU
		{BF110662-83DE-4343-93B0-8C75F4A34697}.Release|Any CPU.Build.0 = Release|Any CPU
		{617C726D-1E81-4D3C-8208-CDEF9AA9BAFF}.Debug|Any CPU.ActiveCfg = Debug|Any CPU
		{617C726D-1E81-4D3C-8208-CDEF9AA9BAFF}.Debug|Any CPU.Build.0 = Debug|Any CPU
		{617C726D-1E81-4D3C-8208-CDEF9AA9BAFF}.Release|Any CPU.ActiveCfg = Release|Any CPU
		{617C726D-1E81-4D3C-8208-CDEF9AA9BAFF}.Release|Any CPU.Build.0 = Release|Any CPU
		{CADBC06D-DA4D-4A73-B030-025B44DCCD9F}.Debug|Any CPU.ActiveCfg = Debug|Any CPU
		{CADBC06D-DA4D-4A73-B030-025B44DCCD9F}.Debug|Any CPU.Build.0 = Debug|Any CPU
		{CADBC06D-DA4D-4A73-B030-025B44DCCD9F}.Release|Any CPU.ActiveCfg = Release|Any CPU
		{CADBC06D-DA4D-4A73-B030-025B44DCCD9F}.Release|Any CPU.Build.0 = Release|Any CPU
	EndGlobalSection
	GlobalSection(SolutionProperties) = preSolution
		HideSolutionNode = FALSE
	EndGlobalSection
	GlobalSection(ExtensibilityGlobals) = postSolution
		SolutionGuid = {32986502-0488-48FA-99F9-D9CA1FD4FDFD}
	EndGlobalSection
EndGlobal
