
Microsoft Visual Studio Solution File, Format Version 12.00
# Visual Studio Version 17
VisualStudioVersion = 17.6.33723.286
MinimumVisualStudioVersion = 10.0.40219.1
Project("{9A19103F-16F7-4668-BE54-9A1E7A4F7556}") = "BulkyWeb", "BulkyWeb\BulkyWeb.csproj", "{BE3C53C6-B84B-4FCF-AF2C-C7A713298277}"
EndProject
Project("{9A19103F-16F7-4668-BE54-9A1E7A4F7556}") = "BulkyWebRazor_Temp", "BulkyWebRazor_Temp\BulkyWebRazor_Temp.csproj", "{0085AEB7-65BB-4759-854D-253B740BF27F}"
EndProject
Global
	GlobalSection(SolutionConfigurationPlatforms) = preSolution
		Debug|Any CPU = Debug|Any CPU
		Release|Any CPU = Release|Any CPU
	EndGlobalSection
	GlobalSection(ProjectConfigurationPlatforms) = postSolution
		{BE3C53C6-B84B-4FCF-AF2C-C7A713298277}.Debug|Any CPU.ActiveCfg = Debug|Any CPU
		{BE3C53C6-B84B-4FCF-AF2C-C7A713298277}.Debug|Any CPU.Build.0 = Debug|Any CPU
		{BE3C53C6-B84B-4FCF-AF2C-C7A713298277}.Release|Any CPU.ActiveCfg = Release|Any CPU
		{BE3C53C6-B84B-4FCF-AF2C-C7A713298277}.Release|Any CPU.Build.0 = Release|Any CPU
		{0085AEB7-65BB-4759-854D-253B740BF27F}.Debug|Any CPU.ActiveCfg = Debug|Any CPU
		{0085AEB7-65BB-4759-854D-253B740BF27F}.Debug|Any CPU.Build.0 = Debug|Any CPU
		{0085AEB7-65BB-4759-854D-253B740BF27F}.Release|Any CPU.ActiveCfg = Release|Any CPU
		{0085AEB7-65BB-4759-854D-253B740BF27F}.Release|Any CPU.Build.0 = Release|Any CPU
	EndGlobalSection
	GlobalSection(SolutionProperties) = preSolution
		HideSolutionNode = FALSE
	EndGlobalSection
	GlobalSection(ExtensibilityGlobals) = postSolution
		SolutionGuid = {32986502-0488-48FA-99F9-D9CA1FD4FDFD}
	EndGlobalSection
EndGlobal
